
Microsoft Visual Studio Solution File, Format Version 12.00
# Visual Studio Version 16
VisualStudioVersion = 16.0.30104.148
MinimumVisualStudioVersion = 10.0.40219.1
Project("{FAE04EC0-301F-11D3-BF4B-00C04F79EFBC}") = "RecipeWebApplication1", "RecipeWebApplication1.csproj", "{76E8F629-BF28-4BBB-912E-257185999EE4}"
EndProject
Global
	GlobalSection(SolutionConfigurationPlatforms) = preSolution
		Debug|Any CPU = Debug|Any CPU
		Release|Any CPU = Release|Any CPU
	EndGlobalSection
	GlobalSection(ProjectConfigurationPlatforms) = postSolution
		{76E8F629-BF28-4BBB-912E-257185999EE4}.Debug|Any CPU.ActiveCfg = Debug|Any CPU
		{76E8F629-BF28-4BBB-912E-257185999EE4}.Debug|Any CPU.Build.0 = Debug|Any CPU
		{76E8F629-BF28-4BBB-912E-257185999EE4}.Release|Any CPU.ActiveCfg = Release|Any CPU
		{76E8F629-BF28-4BBB-912E-257185999EE4}.Release|Any CPU.Build.0 = Release|Any CPU
	EndGlobalSection
	GlobalSection(SolutionProperties) = preSolution
		HideSolutionNode = FALSE
	EndGlobalSection
	GlobalSection(ExtensibilityGlobals) = postSolution
		SolutionGuid = {3137F11C-1202-47CD-AD2E-EB34CA47BECE}
	EndGlobalSection
EndGlobal
